
Microsoft Visual Studio Solution File, Format Version 11.00
# Visual Studio 2010
Project("{FAE04EC0-301F-11D3-BF4B-00C04F79EFBC}") = "Assembly-CSharp", "Assembly-CSharp.csproj", "{01D0B7A6-011B-CC5C-6895-5CC688053690}"
EndProject
Project("{FAE04EC0-301F-11D3-BF4B-00C04F79EFBC}") = "Assembly-CSharp-Editor", "Assembly-CSharp-Editor.csproj", "{BCE0E029-5963-6AED-566F-09A149631CA5}"
EndProject
Global
	GlobalSection(SolutionConfigurationPlatforms) = preSolution
		Debug|Any CPU = Debug|Any CPU
		Release|Any CPU = Release|Any CPU
	EndGlobalSection
	GlobalSection(ProjectConfigurationPlatforms) = postSolution
		{01D0B7A6-011B-CC5C-6895-5CC688053690}.Debug|Any CPU.ActiveCfg = Debug|Any CPU
		{01D0B7A6-011B-CC5C-6895-5CC688053690}.Debug|Any CPU.Build.0 = Debug|Any CPU
		{01D0B7A6-011B-CC5C-6895-5CC688053690}.Release|Any CPU.ActiveCfg = Release|Any CPU
		{01D0B7A6-011B-CC5C-6895-5CC688053690}.Release|Any CPU.Build.0 = Release|Any CPU
		{BCE0E029-5963-6AED-566F-09A149631CA5}.Debug|Any CPU.ActiveCfg = Debug|Any CPU
		{BCE0E029-5963-6AED-566F-09A149631CA5}.Debug|Any CPU.Build.0 = Debug|Any CPU
		{BCE0E029-5963-6AED-566F-09A149631CA5}.Release|Any CPU.ActiveCfg = Release|Any CPU
		{BCE0E029-5963-6AED-566F-09A149631CA5}.Release|Any CPU.Build.0 = Release|Any CPU
	EndGlobalSection
	GlobalSection(SolutionProperties) = preSolution
		HideSolutionNode = FALSE
	EndGlobalSection
EndGlobal
